
Microsoft Visual Studio Solution File, Format Version 12.00
# Visual Studio Version 17
VisualStudioVersion = 17.5.33530.505
MinimumVisualStudioVersion = 10.0.40219.1
Project("{FAE04EC0-301F-11D3-BF4B-00C04F79EFBC}") = "TicTacToe", "TicTacToe\TicTacToe.csproj", "{2DC79E15-A4C1-4AB7-8D7F-5BCBB04BCBB0}"
EndProject
Project("{FAE04EC0-301F-11D3-BF4B-00C04F79EFBC}") = "Strategy", "Strategy\Strategy.csproj", "{7B7A6EA2-EB87-4C66-9C17-8A6C2DF51D88}"
EndProject
Project("{FAE04EC0-301F-11D3-BF4B-00C04F79EFBC}") = "GameUI", "GameTUI\GameUI.csproj", "{5BA902B7-EE56-4016-8C5F-C93173995C40}"
EndProject
Global
	GlobalSection(SolutionConfigurationPlatforms) = preSolution
		Debug|Any CPU = Debug|Any CPU
		Release|Any CPU = Release|Any CPU
	EndGlobalSection
	GlobalSection(ProjectConfigurationPlatforms) = postSolution
		{2DC79E15-A4C1-4AB7-8D7F-5BCBB04BCBB0}.Debug|Any CPU.ActiveCfg = Debug|Any CPU
		{2DC79E15-A4C1-4AB7-8D7F-5BCBB04BCBB0}.Debug|Any CPU.Build.0 = Debug|Any CPU
		{2DC79E15-A4C1-4AB7-8D7F-5BCBB04BCBB0}.Release|Any CPU.ActiveCfg = Release|Any CPU
		{2DC79E15-A4C1-4AB7-8D7F-5BCBB04BCBB0}.Release|Any CPU.Build.0 = Release|Any CPU
		{7B7A6EA2-EB87-4C66-9C17-8A6C2DF51D88}.Debug|Any CPU.ActiveCfg = Debug|Any CPU
		{7B7A6EA2-EB87-4C66-9C17-8A6C2DF51D88}.Debug|Any CPU.Build.0 = Debug|Any CPU
		{7B7A6EA2-EB87-4C66-9C17-8A6C2DF51D88}.Release|Any CPU.ActiveCfg = Release|Any CPU
		{7B7A6EA2-EB87-4C66-9C17-8A6C2DF51D88}.Release|Any CPU.Build.0 = Release|Any CPU
		{5BA902B7-EE56-4016-8C5F-C93173995C40}.Debug|Any CPU.ActiveCfg = Debug|Any CPU
		{5BA902B7-EE56-4016-8C5F-C93173995C40}.Debug|Any CPU.Build.0 = Debug|Any CPU
		{5BA902B7-EE56-4016-8C5F-C93173995C40}.Release|Any CPU.ActiveCfg = Release|Any CPU
		{5BA902B7-EE56-4016-8C5F-C93173995C40}.Release|Any CPU.Build.0 = Release|Any CPU
	EndGlobalSection
	GlobalSection(SolutionProperties) = preSolution
		HideSolutionNode = FALSE
	EndGlobalSection
	GlobalSection(ExtensibilityGlobals) = postSolution
		SolutionGuid = {938C45F0-1DF1-44B9-9940-63BF9ED42415}
	EndGlobalSection
EndGlobal
