
Microsoft Visual Studio Solution File, Format Version 12.00
# Visual Studio Version 17
VisualStudioVersion = 17.5.33530.505
MinimumVisualStudioVersion = 10.0.40219.1
Project("{FAE04EC0-301F-11D3-BF4B-00C04F79EFBC}") = "TerminalUI", "TerminalUI\TerminalUI.csproj", "{C3F9F396-EFFF-4EDA-AA01-E9D697995DB6}"
EndProject
Project("{FAE04EC0-301F-11D3-BF4B-00C04F79EFBC}") = "GameEngine", "GameEngine\GameEngine.csproj", "{1CD30033-26E0-4972-8BA0-BD3DEEB500D4}"
EndProject
Project("{FAE04EC0-301F-11D3-BF4B-00C04F79EFBC}") = "GameUtils", "GameUtils\GameUtils.csproj", "{2C71BE42-D105-4BB9-8451-0CDCA5A53C85}"
EndProject
Project("{FAE04EC0-301F-11D3-BF4B-00C04F79EFBC}") = "AIStrategy", "AIStrategy\AIStrategy.csproj", "{ABCD52C5-4B12-4E14-8106-4B2D6DF0D665}"
EndProject
Global
	GlobalSection(SolutionConfigurationPlatforms) = preSolution
		Debug|Any CPU = Debug|Any CPU
		Release|Any CPU = Release|Any CPU
	EndGlobalSection
	GlobalSection(ProjectConfigurationPlatforms) = postSolution
		{C3F9F396-EFFF-4EDA-AA01-E9D697995DB6}.Debug|Any CPU.ActiveCfg = Debug|Any CPU
		{C3F9F396-EFFF-4EDA-AA01-E9D697995DB6}.Debug|Any CPU.Build.0 = Debug|Any CPU
		{C3F9F396-EFFF-4EDA-AA01-E9D697995DB6}.Release|Any CPU.ActiveCfg = Release|Any CPU
		{C3F9F396-EFFF-4EDA-AA01-E9D697995DB6}.Release|Any CPU.Build.0 = Release|Any CPU
		{1CD30033-26E0-4972-8BA0-BD3DEEB500D4}.Debug|Any CPU.ActiveCfg = Debug|Any CPU
		{1CD30033-26E0-4972-8BA0-BD3DEEB500D4}.Debug|Any CPU.Build.0 = Debug|Any CPU
		{1CD30033-26E0-4972-8BA0-BD3DEEB500D4}.Release|Any CPU.ActiveCfg = Release|Any CPU
		{1CD30033-26E0-4972-8BA0-BD3DEEB500D4}.Release|Any CPU.Build.0 = Release|Any CPU
		{2C71BE42-D105-4BB9-8451-0CDCA5A53C85}.Debug|Any CPU.ActiveCfg = Debug|Any CPU
		{2C71BE42-D105-4BB9-8451-0CDCA5A53C85}.Debug|Any CPU.Build.0 = Debug|Any CPU
		{2C71BE42-D105-4BB9-8451-0CDCA5A53C85}.Release|Any CPU.ActiveCfg = Release|Any CPU
		{2C71BE42-D105-4BB9-8451-0CDCA5A53C85}.Release|Any CPU.Build.0 = Release|Any CPU
		{ABCD52C5-4B12-4E14-8106-4B2D6DF0D665}.Debug|Any CPU.ActiveCfg = Debug|Any CPU
		{ABCD52C5-4B12-4E14-8106-4B2D6DF0D665}.Debug|Any CPU.Build.0 = Debug|Any CPU
		{ABCD52C5-4B12-4E14-8106-4B2D6DF0D665}.Release|Any CPU.ActiveCfg = Release|Any CPU
		{ABCD52C5-4B12-4E14-8106-4B2D6DF0D665}.Release|Any CPU.Build.0 = Release|Any CPU
	EndGlobalSection
	GlobalSection(SolutionProperties) = preSolution
		HideSolutionNode = FALSE
	EndGlobalSection
	GlobalSection(ExtensibilityGlobals) = postSolution
		SolutionGuid = {2191752E-C97E-49B0-AEA4-534BB44D5B93}
	EndGlobalSection
EndGlobal
