
Microsoft Visual Studio Solution File, Format Version 12.00
# Visual Studio Version 17
VisualStudioVersion = 17.5.33530.505
MinimumVisualStudioVersion = 10.0.40219.1
Project("{FAE04EC0-301F-11D3-BF4B-00C04F79EFBC}") = "TicTacToe", "TicTacToe\TicTacToe.csproj", "{91FAEE13-68BB-4F96-9A57-C6785C43BD99}"
EndProject
Project("{FAE04EC0-301F-11D3-BF4B-00C04F79EFBC}") = "AIStrategie", "AIStrategie\AIStrategie.csproj", "{AA1CF0B1-84B4-413D-ACFD-43B422FC9434}"
EndProject
Global
	GlobalSection(SolutionConfigurationPlatforms) = preSolution
		Debug|Any CPU = Debug|Any CPU
		Release|Any CPU = Release|Any CPU
	EndGlobalSection
	GlobalSection(ProjectConfigurationPlatforms) = postSolution
		{91FAEE13-68BB-4F96-9A57-C6785C43BD99}.Debug|Any CPU.ActiveCfg = Debug|Any CPU
		{91FAEE13-68BB-4F96-9A57-C6785C43BD99}.Debug|Any CPU.Build.0 = Debug|Any CPU
		{91FAEE13-68BB-4F96-9A57-C6785C43BD99}.Release|Any CPU.ActiveCfg = Release|Any CPU
		{91FAEE13-68BB-4F96-9A57-C6785C43BD99}.Release|Any CPU.Build.0 = Release|Any CPU
		{AA1CF0B1-84B4-413D-ACFD-43B422FC9434}.Debug|Any CPU.ActiveCfg = Debug|Any CPU
		{AA1CF0B1-84B4-413D-ACFD-43B422FC9434}.Debug|Any CPU.Build.0 = Debug|Any CPU
		{AA1CF0B1-84B4-413D-ACFD-43B422FC9434}.Release|Any CPU.ActiveCfg = Release|Any CPU
		{AA1CF0B1-84B4-413D-ACFD-43B422FC9434}.Release|Any CPU.Build.0 = Release|Any CPU
	EndGlobalSection
	GlobalSection(SolutionProperties) = preSolution
		HideSolutionNode = FALSE
	EndGlobalSection
	GlobalSection(ExtensibilityGlobals) = postSolution
		SolutionGuid = {E09811E2-D400-418C-91F6-3C83F87FC0D2}
	EndGlobalSection
EndGlobal
