
Microsoft Visual Studio Solution File, Format Version 12.00
# Visual Studio Version 17
VisualStudioVersion = 17.5.33530.505
MinimumVisualStudioVersion = 10.0.40219.1
Project("{FAE04EC0-301F-11D3-BF4B-00C04F79EFBC}") = "Ex04.Menus.Interfaces", "Ex04.Menues.Interfaces\Ex04.Menus.Interfaces.csproj", "{03723A04-7CDE-447C-B6A4-E1E4C599EC7A}"
EndProject
Project("{FAE04EC0-301F-11D3-BF4B-00C04F79EFBC}") = "Ex04.Menus.Test", "Ex04.Menus.Test\Ex04.Menus.Test.csproj", "{DF032310-F935-4706-861C-74D211B248B1}"
EndProject
Project("{FAE04EC0-301F-11D3-BF4B-00C04F79EFBC}") = "Ex04.Menus.Events", "Ex04.Menus.Events\Ex04.Menus.Events.csproj", "{6875501F-257C-40A5-AC05-659358D81318}"
EndProject
Global
	GlobalSection(SolutionConfigurationPlatforms) = preSolution
		Debug|Any CPU = Debug|Any CPU
		Release|Any CPU = Release|Any CPU
	EndGlobalSection
	GlobalSection(ProjectConfigurationPlatforms) = postSolution
		{03723A04-7CDE-447C-B6A4-E1E4C599EC7A}.Debug|Any CPU.ActiveCfg = Debug|Any CPU
		{03723A04-7CDE-447C-B6A4-E1E4C599EC7A}.Debug|Any CPU.Build.0 = Debug|Any CPU
		{03723A04-7CDE-447C-B6A4-E1E4C599EC7A}.Release|Any CPU.ActiveCfg = Release|Any CPU
		{03723A04-7CDE-447C-B6A4-E1E4C599EC7A}.Release|Any CPU.Build.0 = Release|Any CPU
		{DF032310-F935-4706-861C-74D211B248B1}.Debug|Any CPU.ActiveCfg = Debug|Any CPU
		{DF032310-F935-4706-861C-74D211B248B1}.Debug|Any CPU.Build.0 = Debug|Any CPU
		{DF032310-F935-4706-861C-74D211B248B1}.Release|Any CPU.ActiveCfg = Release|Any CPU
		{DF032310-F935-4706-861C-74D211B248B1}.Release|Any CPU.Build.0 = Release|Any CPU
		{6875501F-257C-40A5-AC05-659358D81318}.Debug|Any CPU.ActiveCfg = Debug|Any CPU
		{6875501F-257C-40A5-AC05-659358D81318}.Debug|Any CPU.Build.0 = Debug|Any CPU
		{6875501F-257C-40A5-AC05-659358D81318}.Release|Any CPU.ActiveCfg = Release|Any CPU
		{6875501F-257C-40A5-AC05-659358D81318}.Release|Any CPU.Build.0 = Release|Any CPU
	EndGlobalSection
	GlobalSection(SolutionProperties) = preSolution
		HideSolutionNode = FALSE
	EndGlobalSection
	GlobalSection(ExtensibilityGlobals) = postSolution
		SolutionGuid = {D5BD0FF1-07E7-44EE-B65C-F3310B8FD4C2}
	EndGlobalSection
EndGlobal
