
Microsoft Visual Studio Solution File, Format Version 12.00
# Visual Studio Version 17
VisualStudioVersion = 17.5.33530.505
MinimumVisualStudioVersion = 10.0.40219.1
Project("{FAE04EC0-301F-11D3-BF4B-00C04F79EFBC}") = "Ex01_01", "Ex01_01\Ex01_01.csproj", "{8EB0461C-D650-4521-BC10-CEBA1CE3C219}"
EndProject
Project("{FAE04EC0-301F-11D3-BF4B-00C04F79EFBC}") = "Ex01_02", "Ex01_02\Ex01_02.csproj", "{B4D9BD2C-DC37-4C46-BF89-E7AC94646271}"
EndProject
Project("{FAE04EC0-301F-11D3-BF4B-00C04F79EFBC}") = "Ex01_03", "Ex01_03\Ex01_03.csproj", "{BFD2BF9B-E80C-4B54-8FB3-7F4FD1029AAD}"
EndProject
Project("{FAE04EC0-301F-11D3-BF4B-00C04F79EFBC}") = "Ex01_04", "Ex01_04\Ex01_04.csproj", "{0CA61349-365B-41F4-9E02-AE81AC6D8C73}"
EndProject
Project("{FAE04EC0-301F-11D3-BF4B-00C04F79EFBC}") = "Ex01_05", "Ex01_05\Ex01_05.csproj", "{C1BF0E0B-5981-4BED-904C-2C2336F90923}"
EndProject
Global
	GlobalSection(SolutionConfigurationPlatforms) = preSolution
		Debug|Any CPU = Debug|Any CPU
		Release|Any CPU = Release|Any CPU
	EndGlobalSection
	GlobalSection(ProjectConfigurationPlatforms) = postSolution
		{8EB0461C-D650-4521-BC10-CEBA1CE3C219}.Debug|Any CPU.ActiveCfg = Debug|Any CPU
		{8EB0461C-D650-4521-BC10-CEBA1CE3C219}.Debug|Any CPU.Build.0 = Debug|Any CPU
		{8EB0461C-D650-4521-BC10-CEBA1CE3C219}.Release|Any CPU.ActiveCfg = Release|Any CPU
		{8EB0461C-D650-4521-BC10-CEBA1CE3C219}.Release|Any CPU.Build.0 = Release|Any CPU
		{B4D9BD2C-DC37-4C46-BF89-E7AC94646271}.Debug|Any CPU.ActiveCfg = Debug|Any CPU
		{B4D9BD2C-DC37-4C46-BF89-E7AC94646271}.Debug|Any CPU.Build.0 = Debug|Any CPU
		{B4D9BD2C-DC37-4C46-BF89-E7AC94646271}.Release|Any CPU.ActiveCfg = Release|Any CPU
		{B4D9BD2C-DC37-4C46-BF89-E7AC94646271}.Release|Any CPU.Build.0 = Release|Any CPU
		{BFD2BF9B-E80C-4B54-8FB3-7F4FD1029AAD}.Debug|Any CPU.ActiveCfg = Debug|Any CPU
		{BFD2BF9B-E80C-4B54-8FB3-7F4FD1029AAD}.Debug|Any CPU.Build.0 = Debug|Any CPU
		{BFD2BF9B-E80C-4B54-8FB3-7F4FD1029AAD}.Release|Any CPU.ActiveCfg = Release|Any CPU
		{BFD2BF9B-E80C-4B54-8FB3-7F4FD1029AAD}.Release|Any CPU.Build.0 = Release|Any CPU
		{0CA61349-365B-41F4-9E02-AE81AC6D8C73}.Debug|Any CPU.ActiveCfg = Debug|Any CPU
		{0CA61349-365B-41F4-9E02-AE81AC6D8C73}.Debug|Any CPU.Build.0 = Debug|Any CPU
		{0CA61349-365B-41F4-9E02-AE81AC6D8C73}.Release|Any CPU.ActiveCfg = Release|Any CPU
		{0CA61349-365B-41F4-9E02-AE81AC6D8C73}.Release|Any CPU.Build.0 = Release|Any CPU
		{C1BF0E0B-5981-4BED-904C-2C2336F90923}.Debug|Any CPU.ActiveCfg = Debug|Any CPU
		{C1BF0E0B-5981-4BED-904C-2C2336F90923}.Debug|Any CPU.Build.0 = Debug|Any CPU
		{C1BF0E0B-5981-4BED-904C-2C2336F90923}.Release|Any CPU.ActiveCfg = Release|Any CPU
		{C1BF0E0B-5981-4BED-904C-2C2336F90923}.Release|Any CPU.Build.0 = Release|Any CPU
	EndGlobalSection
	GlobalSection(SolutionProperties) = preSolution
		HideSolutionNode = FALSE
	EndGlobalSection
	GlobalSection(ExtensibilityGlobals) = postSolution
		SolutionGuid = {D690582D-A2BF-4642-9EF8-08E10F61E117}
	EndGlobalSection
EndGlobal
