
Microsoft Visual Studio Solution File, Format Version 12.00
# Visual Studio Version 17
VisualStudioVersion = 17.5.33530.505
MinimumVisualStudioVersion = 10.0.40219.1
Project("{FAE04EC0-301F-11D3-BF4B-00C04F79EFBC}") = "Ex04.Menus.Interfaces", "Ex04.Menus.Interfaces\Ex04.Menus.Interfaces.csproj", "{0DACF493-ABE9-4FB3-9FE1-AE4ED4B7338D}"
EndProject
Project("{FAE04EC0-301F-11D3-BF4B-00C04F79EFBC}") = "Ex04.Menus.Events", "Ex04.Menus.Events\Ex04.Menus.Events.csproj", "{B121FDC6-4BE6-465A-9CE7-69C3BF7DDF1A}"
EndProject
Project("{FAE04EC0-301F-11D3-BF4B-00C04F79EFBC}") = "Ex04.Menus.Test", "Ex04.Menus.Test\Ex04.Menus.Test.csproj", "{9E8C67C7-4198-4CF0-BB0F-1FBB4262FDA4}"
EndProject
Global
	GlobalSection(SolutionConfigurationPlatforms) = preSolution
		Debug|Any CPU = Debug|Any CPU
		Release|Any CPU = Release|Any CPU
	EndGlobalSection
	GlobalSection(ProjectConfigurationPlatforms) = postSolution
		{0DACF493-ABE9-4FB3-9FE1-AE4ED4B7338D}.Debug|Any CPU.ActiveCfg = Debug|Any CPU
		{0DACF493-ABE9-4FB3-9FE1-AE4ED4B7338D}.Debug|Any CPU.Build.0 = Debug|Any CPU
		{0DACF493-ABE9-4FB3-9FE1-AE4ED4B7338D}.Release|Any CPU.ActiveCfg = Release|Any CPU
		{0DACF493-ABE9-4FB3-9FE1-AE4ED4B7338D}.Release|Any CPU.Build.0 = Release|Any CPU
		{B121FDC6-4BE6-465A-9CE7-69C3BF7DDF1A}.Debug|Any CPU.ActiveCfg = Debug|Any CPU
		{B121FDC6-4BE6-465A-9CE7-69C3BF7DDF1A}.Debug|Any CPU.Build.0 = Debug|Any CPU
		{B121FDC6-4BE6-465A-9CE7-69C3BF7DDF1A}.Release|Any CPU.ActiveCfg = Release|Any CPU
		{B121FDC6-4BE6-465A-9CE7-69C3BF7DDF1A}.Release|Any CPU.Build.0 = Release|Any CPU
		{9E8C67C7-4198-4CF0-BB0F-1FBB4262FDA4}.Debug|Any CPU.ActiveCfg = Debug|Any CPU
		{9E8C67C7-4198-4CF0-BB0F-1FBB4262FDA4}.Debug|Any CPU.Build.0 = Debug|Any CPU
		{9E8C67C7-4198-4CF0-BB0F-1FBB4262FDA4}.Release|Any CPU.ActiveCfg = Release|Any CPU
		{9E8C67C7-4198-4CF0-BB0F-1FBB4262FDA4}.Release|Any CPU.Build.0 = Release|Any CPU
	EndGlobalSection
	GlobalSection(SolutionProperties) = preSolution
		HideSolutionNode = FALSE
	EndGlobalSection
	GlobalSection(ExtensibilityGlobals) = postSolution
		SolutionGuid = {74EB7F2C-AF4D-4179-B934-B270E6039F06}
	EndGlobalSection
EndGlobal
